// !$*UTF8*$!
{
	archiveVersion = 1;
	classes = {
	};
	objectVersion = 56;
	objects = {

/* Begin PBXBuildFile section */
		384B065B2AD5C7B8002AF753 /* MapViewController.swift in Sources */ = {isa = PBXBuildFile; fileRef = 384B065A2AD5C7B8002AF753 /* MapViewController.swift */; };
		388B06BE2AD4770E002768AB /* AppDelegate.swift in Sources */ = {isa = PBXBuildFile; fileRef = 388B06BD2AD4770E002768AB /* AppDelegate.swift */; };
		388B06C02AD4770E002768AB /* SceneDelegate.swift in Sources */ = {isa = PBXBuildFile; fileRef = 388B06BF2AD4770E002768AB /* SceneDelegate.swift */; };
		388B06C82AD4770E002768AB /* Walkers.xcdatamodeld in Sources */ = {isa = PBXBuildFile; fileRef = 388B06C62AD4770E002768AB /* Walkers.xcdatamodeld */; };
		388B06CA2AD4770F002768AB /* Assets.xcassets in Resources */ = {isa = PBXBuildFile; fileRef = 388B06C92AD4770F002768AB /* Assets.xcassets */; };
		388B06CD2AD4770F002768AB /* LaunchScreen.storyboard in Resources */ = {isa = PBXBuildFile; fileRef = 388B06CB2AD4770F002768AB /* LaunchScreen.storyboard */; };
		388B06DC2AD4781A002768AB /* Profile.swift in Sources */ = {isa = PBXBuildFile; fileRef = 388B06DB2AD4781A002768AB /* Profile.swift */; };
		388B06DE2AD47828002768AB /* ChangeUserSettings.swift in Sources */ = {isa = PBXBuildFile; fileRef = 388B06DD2AD47828002768AB /* ChangeUserSettings.swift */; };
		388B06E02AD47838002768AB /* User.swift in Sources */ = {isa = PBXBuildFile; fileRef = 388B06DF2AD47838002768AB /* User.swift */; };
		388B06E22AD4783E002768AB /* ApiController.swift in Sources */ = {isa = PBXBuildFile; fileRef = 388B06E12AD4783E002768AB /* ApiController.swift */; };
		388B06E42AD47853002768AB /* SearchResult.swift in Sources */ = {isa = PBXBuildFile; fileRef = 388B06E32AD47853002768AB /* SearchResult.swift */; };
		388B06E62AD47883002768AB /* NewUserTableViewCell.swift in Sources */ = {isa = PBXBuildFile; fileRef = 388B06E52AD47883002768AB /* NewUserTableViewCell.swift */; };
		388B06E82AD4788F002768AB /* ApiManager.swift in Sources */ = {isa = PBXBuildFile; fileRef = 388B06E72AD4788F002768AB /* ApiManager.swift */; };
		388B06EA2AD478A0002768AB /* UIColor.swift in Sources */ = {isa = PBXBuildFile; fileRef = 388B06E92AD478A0002768AB /* UIColor.swift */; };
		388B06EF2AD47BFA002768AB /* ViewController.swift in Sources */ = {isa = PBXBuildFile; fileRef = 388B06EE2AD47BFA002768AB /* ViewController.swift */; };
		CF475B1F2B1DE7ED0026B05C /* UserModel.swift in Sources */ = {isa = PBXBuildFile; fileRef = CF475B1E2B1DE7ED0026B05C /* UserModel.swift */; };
		CF475B212B1DEB1C0026B05C /* UserDefaultsService.swift in Sources */ = {isa = PBXBuildFile; fileRef = CF475B202B1DEB1C0026B05C /* UserDefaultsService.swift */; };
		CF8F9E942B1E42CE004B5A08 /* CurrentUser.swift in Sources */ = {isa = PBXBuildFile; fileRef = CF8F9E932B1E42CE004B5A08 /* CurrentUser.swift */; };
/* End PBXBuildFile section */

/* Begin PBXFileReference section */
		384B065A2AD5C7B8002AF753 /* MapViewController.swift */ = {isa = PBXFileReference; lastKnownFileType = sourcecode.swift; path = MapViewController.swift; sourceTree = "<group>"; };
		388B06BA2AD4770E002768AB /* Walkers.app */ = {isa = PBXFileReference; explicitFileType = wrapper.application; includeInIndex = 0; path = Walkers.app; sourceTree = BUILT_PRODUCTS_DIR; };
		388B06BD2AD4770E002768AB /* AppDelegate.swift */ = {isa = PBXFileReference; lastKnownFileType = sourcecode.swift; path = AppDelegate.swift; sourceTree = "<group>"; };
		388B06BF2AD4770E002768AB /* SceneDelegate.swift */ = {isa = PBXFileReference; lastKnownFileType = sourcecode.swift; path = SceneDelegate.swift; sourceTree = "<group>"; };
		388B06C72AD4770E002768AB /* Walkers.xcdatamodel */ = {isa = PBXFileReference; lastKnownFileType = wrapper.xcdatamodel; path = Walkers.xcdatamodel; sourceTree = "<group>"; };
		388B06C92AD4770F002768AB /* Assets.xcassets */ = {isa = PBXFileReference; lastKnownFileType = folder.assetcatalog; path = Assets.xcassets; sourceTree = "<group>"; };
		388B06CC2AD4770F002768AB /* Base */ = {isa = PBXFileReference; lastKnownFileType = file.storyboard; name = Base; path = Base.lproj/LaunchScreen.storyboard; sourceTree = "<group>"; };
		388B06CE2AD4770F002768AB /* Info.plist */ = {isa = PBXFileReference; lastKnownFileType = text.plist.xml; path = Info.plist; sourceTree = "<group>"; };
		388B06DB2AD4781A002768AB /* Profile.swift */ = {isa = PBXFileReference; lastKnownFileType = sourcecode.swift; path = Profile.swift; sourceTree = "<group>"; };
		388B06DD2AD47828002768AB /* ChangeUserSettings.swift */ = {isa = PBXFileReference; lastKnownFileType = sourcecode.swift; path = ChangeUserSettings.swift; sourceTree = "<group>"; };
		388B06DF2AD47838002768AB /* User.swift */ = {isa = PBXFileReference; lastKnownFileType = sourcecode.swift; path = User.swift; sourceTree = "<group>"; };
		388B06E12AD4783E002768AB /* ApiController.swift */ = {isa = PBXFileReference; lastKnownFileType = sourcecode.swift; path = ApiController.swift; sourceTree = "<group>"; };
		388B06E32AD47853002768AB /* SearchResult.swift */ = {isa = PBXFileReference; lastKnownFileType = sourcecode.swift; path = SearchResult.swift; sourceTree = "<group>"; };
		388B06E52AD47883002768AB /* NewUserTableViewCell.swift */ = {isa = PBXFileReference; lastKnownFileType = sourcecode.swift; path = NewUserTableViewCell.swift; sourceTree = "<group>"; };
		388B06E72AD4788F002768AB /* ApiManager.swift */ = {isa = PBXFileReference; lastKnownFileType = sourcecode.swift; path = ApiManager.swift; sourceTree = "<group>"; };
		388B06E92AD478A0002768AB /* UIColor.swift */ = {isa = PBXFileReference; lastKnownFileType = sourcecode.swift; path = UIColor.swift; sourceTree = "<group>"; };
		388B06EE2AD47BFA002768AB /* ViewController.swift */ = {isa = PBXFileReference; lastKnownFileType = sourcecode.swift; path = ViewController.swift; sourceTree = "<group>"; };
		CF475B1E2B1DE7ED0026B05C /* UserModel.swift */ = {isa = PBXFileReference; lastKnownFileType = sourcecode.swift; path = UserModel.swift; sourceTree = "<group>"; };
		CF475B202B1DEB1C0026B05C /* UserDefaultsService.swift */ = {isa = PBXFileReference; lastKnownFileType = sourcecode.swift; path = UserDefaultsService.swift; sourceTree = "<group>"; };
		CF8F9E932B1E42CE004B5A08 /* CurrentUser.swift */ = {isa = PBXFileReference; lastKnownFileType = sourcecode.swift; path = CurrentUser.swift; sourceTree = "<group>"; };
/* End PBXFileReference section */

/* Begin PBXFrameworksBuildPhase section */
		388B06B72AD4770E002768AB /* Frameworks */ = {
			isa = PBXFrameworksBuildPhase;
			buildActionMask = 2147483647;
			files = (
			);
			runOnlyForDeploymentPostprocessing = 0;
		};
/* End PBXFrameworksBuildPhase section */

/* Begin PBXGroup section */
		388B06B12AD4770E002768AB = {
			isa = PBXGroup;
			children = (
				388B06BC2AD4770E002768AB /* Walkers */,
				388B06BB2AD4770E002768AB /* Products */,
			);
			sourceTree = "<group>";
		};
		388B06BB2AD4770E002768AB /* Products */ = {
			isa = PBXGroup;
			children = (
				388B06BA2AD4770E002768AB /* Walkers.app */,
			);
			name = Products;
			sourceTree = "<group>";
		};
		388B06BC2AD4770E002768AB /* Walkers */ = {
			isa = PBXGroup;
			children = (
				388B06CE2AD4770F002768AB /* Info.plist */,
				388B06EC2AD47B96002768AB /* Applications */,
				388B06ED2AD47BAB002768AB /* Resources */,
				388B06D82AD477E0002768AB /* UserSettings */,
				388B06EB2AD47B80002768AB /* VC */,
				388B06F02AD47D0B002768AB /* API */,
				388B06F12AD47D17002768AB /* Cells */,
				388B06E92AD478A0002768AB /* UIColor.swift */,
				388B06C62AD4770E002768AB /* Walkers.xcdatamodeld */,
				388B06EE2AD47BFA002768AB /* ViewController.swift */,
			);
			path = Walkers;
			sourceTree = "<group>";
		};
		388B06D82AD477E0002768AB /* UserSettings */ = {
			isa = PBXGroup;
			children = (
				CF475B1E2B1DE7ED0026B05C /* UserModel.swift */,
				CF475B202B1DEB1C0026B05C /* UserDefaultsService.swift */,
			);
			path = UserSettings;
			sourceTree = "<group>";
		};
		388B06EB2AD47B80002768AB /* VC */ = {
			isa = PBXGroup;
			children = (
				388B06DB2AD4781A002768AB /* Profile.swift */,
				388B06DD2AD47828002768AB /* ChangeUserSettings.swift */,
				388B06E32AD47853002768AB /* SearchResult.swift */,
				CF8F9E932B1E42CE004B5A08 /* CurrentUser.swift */,
				384B065A2AD5C7B8002AF753 /* MapViewController.swift */,
			);
			path = VC;
			sourceTree = "<group>";
		};
		388B06EC2AD47B96002768AB /* Applications */ = {
			isa = PBXGroup;
			children = (
				388B06BD2AD4770E002768AB /* AppDelegate.swift */,
				388B06BF2AD4770E002768AB /* SceneDelegate.swift */,
			);
			path = Applications;
			sourceTree = "<group>";
		};
		388B06ED2AD47BAB002768AB /* Resources */ = {
			isa = PBXGroup;
			children = (
				388B06C92AD4770F002768AB /* Assets.xcassets */,
				388B06CB2AD4770F002768AB /* LaunchScreen.storyboard */,
			);
			path = Resources;
			sourceTree = "<group>";
		};
		388B06F02AD47D0B002768AB /* API */ = {
			isa = PBXGroup;
			children = (
				388B06DF2AD47838002768AB /* User.swift */,
				388B06E12AD4783E002768AB /* ApiController.swift */,
				388B06E72AD4788F002768AB /* ApiManager.swift */,
			);
			path = API;
			sourceTree = "<group>";
		};
		388B06F12AD47D17002768AB /* Cells */ = {
			isa = PBXGroup;
			children = (
				388B06E52AD47883002768AB /* NewUserTableViewCell.swift */,
			);
			path = Cells;
			sourceTree = "<group>";
		};
/* End PBXGroup section */

/* Begin PBXNativeTarget section */
		388B06B92AD4770E002768AB /* Walkers */ = {
			isa = PBXNativeTarget;
			buildConfigurationList = 388B06D12AD4770F002768AB /* Build configuration list for PBXNativeTarget "Walkers" */;
			buildPhases = (
				388B06B62AD4770E002768AB /* Sources */,
				388B06B72AD4770E002768AB /* Frameworks */,
				388B06B82AD4770E002768AB /* Resources */,
			);
			buildRules = (
			);
			dependencies = (
			);
			name = Walkers;
			productName = Walkers;
			productReference = 388B06BA2AD4770E002768AB /* Walkers.app */;
			productType = "com.apple.product-type.application";
		};
/* End PBXNativeTarget section */

/* Begin PBXProject section */
		388B06B22AD4770E002768AB /* Project object */ = {
			isa = PBXProject;
			attributes = {
				BuildIndependentTargetsInParallel = 1;
				LastSwiftUpdateCheck = 1400;
				LastUpgradeCheck = 1400;
				TargetAttributes = {
					388B06B92AD4770E002768AB = {
						CreatedOnToolsVersion = 14.0.1;
					};
				};
			};
			buildConfigurationList = 388B06B52AD4770E002768AB /* Build configuration list for PBXProject "Walkers" */;
			compatibilityVersion = "Xcode 14.0";
			developmentRegion = en;
			hasScannedForEncodings = 0;
			knownRegions = (
				en,
				Base,
			);
			mainGroup = 388B06B12AD4770E002768AB;
			productRefGroup = 388B06BB2AD4770E002768AB /* Products */;
			projectDirPath = "";
			projectRoot = "";
			targets = (
				388B06B92AD4770E002768AB /* Walkers */,
			);
		};
/* End PBXProject section */

/* Begin PBXResourcesBuildPhase section */
		388B06B82AD4770E002768AB /* Resources */ = {
			isa = PBXResourcesBuildPhase;
			buildActionMask = 2147483647;
			files = (
				388B06CD2AD4770F002768AB /* LaunchScreen.storyboard in Resources */,
				388B06CA2AD4770F002768AB /* Assets.xcassets in Resources */,
			);
			runOnlyForDeploymentPostprocessing = 0;
		};
/* End PBXResourcesBuildPhase section */

/* Begin PBXSourcesBuildPhase section */
		388B06B62AD4770E002768AB /* Sources */ = {
			isa = PBXSourcesBuildPhase;
			buildActionMask = 2147483647;
			files = (
				388B06EF2AD47BFA002768AB /* ViewController.swift in Sources */,
				388B06DC2AD4781A002768AB /* Profile.swift in Sources */,
				388B06DE2AD47828002768AB /* ChangeUserSettings.swift in Sources */,
				388B06E22AD4783E002768AB /* ApiController.swift in Sources */,
				CF475B1F2B1DE7ED0026B05C /* UserModel.swift in Sources */,
				388B06EA2AD478A0002768AB /* UIColor.swift in Sources */,
				388B06C82AD4770E002768AB /* Walkers.xcdatamodeld in Sources */,
				388B06BE2AD4770E002768AB /* AppDelegate.swift in Sources */,
				CF475B212B1DEB1C0026B05C /* UserDefaultsService.swift in Sources */,
				388B06C02AD4770E002768AB /* SceneDelegate.swift in Sources */,
				388B06E02AD47838002768AB /* User.swift in Sources */,
				388B06E82AD4788F002768AB /* ApiManager.swift in Sources */,
				388B06E62AD47883002768AB /* NewUserTableViewCell.swift in Sources */,
				388B06E42AD47853002768AB /* SearchResult.swift in Sources */,
				CF8F9E942B1E42CE004B5A08 /* CurrentUser.swift in Sources */,
				384B065B2AD5C7B8002AF753 /* MapViewController.swift in Sources */,
			);
			runOnlyForDeploymentPostprocessing = 0;
		};
/* End PBXSourcesBuildPhase section */

/* Begin PBXVariantGroup section */
		388B06CB2AD4770F002768AB /* LaunchScreen.storyboard */ = {
			isa = PBXVariantGroup;
			children = (
				388B06CC2AD4770F002768AB /* Base */,
			);
			name = LaunchScreen.storyboard;
			sourceTree = "<group>";
		};
/* End PBXVariantGroup section */

/* Begin XCBuildConfiguration section */
		388B06CF2AD4770F002768AB /* Debug */ = {
			isa = XCBuildConfiguration;
			buildSettings = {
				ALWAYS_SEARCH_USER_PATHS = NO;
				CLANG_ANALYZER_NONNULL = YES;
				CLANG_ANALYZER_NUMBER_OBJECT_CONVERSION = YES_AGGRESSIVE;
				CLANG_CXX_LANGUAGE_STANDARD = "gnu++20";
				CLANG_ENABLE_MODULES = YES;
				CLANG_ENABLE_OBJC_ARC = YES;
				CLANG_ENABLE_OBJC_WEAK = YES;
				CLANG_WARN_BLOCK_CAPTURE_AUTORELEASING = YES;
				CLANG_WARN_BOOL_CONVERSION = YES;
				CLANG_WARN_COMMA = YES;
				CLANG_WARN_CONSTANT_CONVERSION = YES;
				CLANG_WARN_DEPRECATED_OBJC_IMPLEMENTATIONS = YES;
				CLANG_WARN_DIRECT_OBJC_ISA_USAGE = YES_ERROR;
				CLANG_WARN_DOCUMENTATION_COMMENTS = YES;
				CLANG_WARN_EMPTY_BODY = YES;
				CLANG_WARN_ENUM_CONVERSION = YES;
				CLANG_WARN_INFINITE_RECURSION = YES;
				CLANG_WARN_INT_CONVERSION = YES;
				CLANG_WARN_NON_LITERAL_NULL_CONVERSION = YES;
				CLANG_WARN_OBJC_IMPLICIT_RETAIN_SELF = YES;
				CLANG_WARN_OBJC_LITERAL_CONVERSION = YES;
				CLANG_WARN_OBJC_ROOT_CLASS = YES_ERROR;
				CLANG_WARN_QUOTED_INCLUDE_IN_FRAMEWORK_HEADER = YES;
				CLANG_WARN_RANGE_LOOP_ANALYSIS = YES;
				CLANG_WARN_STRICT_PROTOTYPES = YES;
				CLANG_WARN_SUSPICIOUS_MOVE = YES;
				CLANG_WARN_UNGUARDED_AVAILABILITY = YES_AGGRESSIVE;
				CLANG_WARN_UNREACHABLE_CODE = YES;
				CLANG_WARN__DUPLICATE_METHOD_MATCH = YES;
				COPY_PHASE_STRIP = NO;
				DEBUG_INFORMATION_FORMAT = dwarf;
				ENABLE_STRICT_OBJC_MSGSEND = YES;
				ENABLE_TESTABILITY = YES;
				GCC_C_LANGUAGE_STANDARD = gnu11;
				GCC_DYNAMIC_NO_PIC = NO;
				GCC_NO_COMMON_BLOCKS = YES;
				GCC_OPTIMIZATION_LEVEL = 0;
				GCC_PREPROCESSOR_DEFINITIONS = (
					"DEBUG=1",
					"$(inherited)",
				);
				GCC_WARN_64_TO_32_BIT_CONVERSION = YES;
				GCC_WARN_ABOUT_RETURN_TYPE = YES_ERROR;
				GCC_WARN_UNDECLARED_SELECTOR = YES;
				GCC_WARN_UNINITIALIZED_AUTOS = YES_AGGRESSIVE;
				GCC_WARN_UNUSED_FUNCTION = YES;
				GCC_WARN_UNUSED_VARIABLE = YES;
				IPHONEOS_DEPLOYMENT_TARGET = 16.0;
				MTL_ENABLE_DEBUG_INFO = INCLUDE_SOURCE;
				MTL_FAST_MATH = YES;
				ONLY_ACTIVE_ARCH = YES;
				SDKROOT = iphoneos;
				SWIFT_ACTIVE_COMPILATION_CONDITIONS = DEBUG;
				SWIFT_OPTIMIZATION_LEVEL = "-Onone";
			};
			name = Debug;
		};
		388B06D02AD4770F002768AB /* Release */ = {
			isa = XCBuildConfiguration;
			buildSettings = {
				ALWAYS_SEARCH_USER_PATHS = NO;
				CLANG_ANALYZER_NONNULL = YES;
				CLANG_ANALYZER_NUMBER_OBJECT_CONVERSION = YES_AGGRESSIVE;
				CLANG_CXX_LANGUAGE_STANDARD = "gnu++20";
				CLANG_ENABLE_MODULES = YES;
				CLANG_ENABLE_OBJC_ARC = YES;
				CLANG_ENABLE_OBJC_WEAK = YES;
				CLANG_WARN_BLOCK_CAPTURE_AUTORELEASING = YES;
				CLANG_WARN_BOOL_CONVERSION = YES;
				CLANG_WARN_COMMA = YES;
				CLANG_WARN_CONSTANT_CONVERSION = YES;
				CLANG_WARN_DEPRECATED_OBJC_IMPLEMENTATIONS = YES;
				CLANG_WARN_DIRECT_OBJC_ISA_USAGE = YES_ERROR;
				CLANG_WARN_DOCUMENTATION_COMMENTS = YES;
				CLANG_WARN_EMPTY_BODY = YES;
				CLANG_WARN_ENUM_CONVERSION = YES;
				CLANG_WARN_INFINITE_RECURSION = YES;
				CLANG_WARN_INT_CONVERSION = YES;
				CLANG_WARN_NON_LITERAL_NULL_CONVERSION = YES;
				CLANG_WARN_OBJC_IMPLICIT_RETAIN_SELF = YES;
				CLANG_WARN_OBJC_LITERAL_CONVERSION = YES;
				CLANG_WARN_OBJC_ROOT_CLASS = YES_ERROR;
				CLANG_WARN_QUOTED_INCLUDE_IN_FRAMEWORK_HEADER = YES;
				CLANG_WARN_RANGE_LOOP_ANALYSIS = YES;
				CLANG_WARN_STRICT_PROTOTYPES = YES;
				CLANG_WARN_SUSPICIOUS_MOVE = YES;
				CLANG_WARN_UNGUARDED_AVAILABILITY = YES_AGGRESSIVE;
				CLANG_WARN_UNREACHABLE_CODE = YES;
				CLANG_WARN__DUPLICATE_METHOD_MATCH = YES;
				COPY_PHASE_STRIP = NO;
				DEBUG_INFORMATION_FORMAT = "dwarf-with-dsym";
				ENABLE_NS_ASSERTIONS = NO;
				ENABLE_STRICT_OBJC_MSGSEND = YES;
				GCC_C_LANGUAGE_STANDARD = gnu11;
				GCC_NO_COMMON_BLOCKS = YES;
				GCC_WARN_64_TO_32_BIT_CONVERSION = YES;
				GCC_WARN_ABOUT_RETURN_TYPE = YES_ERROR;
				GCC_WARN_UNDECLARED_SELECTOR = YES;
				GCC_WARN_UNINITIALIZED_AUTOS = YES_AGGRESSIVE;
				GCC_WARN_UNUSED_FUNCTION = YES;
				GCC_WARN_UNUSED_VARIABLE = YES;
				IPHONEOS_DEPLOYMENT_TARGET = 16.0;
				MTL_ENABLE_DEBUG_INFO = NO;
				MTL_FAST_MATH = YES;
				SDKROOT = iphoneos;
				SWIFT_COMPILATION_MODE = wholemodule;
				SWIFT_OPTIMIZATION_LEVEL = "-O";
				VALIDATE_PRODUCT = YES;
			};
			name = Release;
		};
		388B06D22AD4770F002768AB /* Debug */ = {
			isa = XCBuildConfiguration;
			buildSettings = {
				ASSETCATALOG_COMPILER_APPICON_NAME = AppIcon;
				ASSETCATALOG_COMPILER_GLOBAL_ACCENT_COLOR_NAME = AccentColor;
				CODE_SIGN_STYLE = Automatic;
				CURRENT_PROJECT_VERSION = 1;
				DEVELOPMENT_TEAM = CUSYF644Y4;
				GENERATE_INFOPLIST_FILE = YES;
				INFOPLIST_FILE = Walkers/Info.plist;
				INFOPLIST_KEY_NSLocationWhenInUseUsageDescription = "Для определения местоположения";
				INFOPLIST_KEY_UIApplicationSupportsIndirectInputEvents = YES;
				INFOPLIST_KEY_UILaunchStoryboardName = "";
				INFOPLIST_KEY_UISupportedInterfaceOrientations_iPad = "UIInterfaceOrientationPortrait UIInterfaceOrientationPortraitUpsideDown UIInterfaceOrientationLandscapeLeft UIInterfaceOrientationLandscapeRight";
				INFOPLIST_KEY_UISupportedInterfaceOrientations_iPhone = "UIInterfaceOrientationPortrait UIInterfaceOrientationLandscapeLeft UIInterfaceOrientationLandscapeRight";
				LD_RUNPATH_SEARCH_PATHS = (
					"$(inherited)",
					"@executable_path/Frameworks",
				);
				MARKETING_VERSION = 1.0;
				PRODUCT_BUNDLE_IDENTIFIER = MyApp.Walkers;
				PRODUCT_NAME = "$(TARGET_NAME)";
				SWIFT_EMIT_LOC_STRINGS = YES;
				SWIFT_VERSION = 5.0;
				TARGETED_DEVICE_FAMILY = "1,2";
			};
			name = Debug;
		};
		388B06D32AD4770F002768AB /* Release */ = {
			isa = XCBuildConfiguration;
			buildSettings = {
				ASSETCATALOG_COMPILER_APPICON_NAME = AppIcon;
				ASSETCATALOG_COMPILER_GLOBAL_ACCENT_COLOR_NAME = AccentColor;
				CODE_SIGN_STYLE = Automatic;
				CURRENT_PROJECT_VERSION = 1;
				DEVELOPMENT_TEAM = CUSYF644Y4;
				GENERATE_INFOPLIST_FILE = YES;
				INFOPLIST_FILE = Walkers/Info.plist;
				INFOPLIST_KEY_NSLocationWhenInUseUsageDescription = "Для определения местоположения";
				INFOPLIST_KEY_UIApplicationSupportsIndirectInputEvents = YES;
				INFOPLIST_KEY_UILaunchStoryboardName = "";
				INFOPLIST_KEY_UISupportedInterfaceOrientations_iPad = "UIInterfaceOrientationPortrait UIInterfaceOrientationPortraitUpsideDown UIInterfaceOrientationLandscapeLeft UIInterfaceOrientationLandscapeRight";
				INFOPLIST_KEY_UISupportedInterfaceOrientations_iPhone = "UIInterfaceOrientationPortrait UIInterfaceOrientationLandscapeLeft UIInterfaceOrientationLandscapeRight";
				LD_RUNPATH_SEARCH_PATHS = (
					"$(inherited)",
					"@executable_path/Frameworks",
				);
				MARKETING_VERSION = 1.0;
				PRODUCT_BUNDLE_IDENTIFIER = MyApp.Walkers;
				PRODUCT_NAME = "$(TARGET_NAME)";
				SWIFT_EMIT_LOC_STRINGS = YES;
				SWIFT_VERSION = 5.0;
				TARGETED_DEVICE_FAMILY = "1,2";
			};
			name = Release;
		};
/* End XCBuildConfiguration section */

/* Begin XCConfigurationList section */
		388B06B52AD4770E002768AB /* Build configuration list for PBXProject "Walkers" */ = {
			isa = XCConfigurationList;
			buildConfigurations = (
				388B06CF2AD4770F002768AB /* Debug */,
				388B06D02AD4770F002768AB /* Release */,
			);
			defaultConfigurationIsVisible = 0;
			defaultConfigurationName = Release;
		};
		388B06D12AD4770F002768AB /* Build configuration list for PBXNativeTarget "Walkers" */ = {
			isa = XCConfigurationList;
			buildConfigurations = (
				388B06D22AD4770F002768AB /* Debug */,
				388B06D32AD4770F002768AB /* Release */,
			);
			defaultConfigurationIsVisible = 0;
			defaultConfigurationName = Release;
		};
/* End XCConfigurationList section */

/* Begin XCVersionGroup section */
		388B06C62AD4770E002768AB /* Walkers.xcdatamodeld */ = {
			isa = XCVersionGroup;
			children = (
				388B06C72AD4770E002768AB /* Walkers.xcdatamodel */,
			);
			currentVersion = 388B06C72AD4770E002768AB /* Walkers.xcdatamodel */;
			path = Walkers.xcdatamodeld;
			sourceTree = "<group>";
			versionGroupType = wrapper.xcdatamodel;
		};
/* End XCVersionGroup section */
	};
	rootObject = 388B06B22AD4770E002768AB /* Project object */;
}
